
Microsoft Visual Studio Solution File, Format Version 12.00
# Visual Studio 14
VisualStudioVersion = 14.0.23107.0
MinimumVisualStudioVersion = 10.0.40219.1
Project("{F184B08F-C81C-45F6-A57F-5ABD9991F28F}") = "HospitalCharges", "HospitalCharges\HospitalCharges.vbproj", "{AA53B4F7-F4D6-416D-816B-50DD9823D7D0}"
EndProject
Global
	GlobalSection(SolutionConfigurationPlatforms) = preSolution
		Debug|Any CPU = Debug|Any CPU
		Release|Any CPU = Release|Any CPU
	EndGlobalSection
	GlobalSection(ProjectConfigurationPlatforms) = postSolution
		{AA53B4F7-F4D6-416D-816B-50DD9823D7D0}.Debug|Any CPU.ActiveCfg = Debug|Any CPU
		{AA53B4F7-F4D6-416D-816B-50DD9823D7D0}.Debug|Any CPU.Build.0 = Debug|Any CPU
		{AA53B4F7-F4D6-416D-816B-50DD9823D7D0}.Release|Any CPU.ActiveCfg = Release|Any CPU
		{AA53B4F7-F4D6-416D-816B-50DD9823D7D0}.Release|Any CPU.Build.0 = Release|Any CPU
	EndGlobalSection
	GlobalSection(SolutionProperties) = preSolution
		HideSolutionNode = FALSE
	EndGlobalSection
EndGlobal
